{
  "name": "foreman-appliance-vendor-cli",
  "version": "0.4.0",
  "lockfileVersion": 3,
  "requires": true,
  "packages": {
    "": {
      "name": "foreman-appliance-vendor-cli",
      "version": "0.4.0",
      "dependencies": {
        "@openai/codex": "0.149.1",
        "@xai-official/grok": "1.0.5"
      }
    },
    "node_modules/@iarna/toml": {
      "version": "3.0.0",
      "resolved": "https://registry.npmjs.org/@iarna/toml/-/toml-3.0.0.tgz",
      "integrity": "sha512-td6ZUkz2oS3VeleBcN+m//Q6HlCFCPrnI0FZhrt/h4XqLEdOyYp2u21nd8MdsR+WJy5r9PTDaHTDDfhf4H4l6Q==",
      "license": "ISC"
    },
    "node_modules/@openai/codex": {
      "version": "0.149.1",
      "resolved": "https://registry.npmjs.org/@openai/codex/-/codex-0.149.1.tgz",
      "integrity": "sha512-6q5pbcpFbJbqOpkubSDBwXmktQ55aD8eUzGzBF1zASob2DjwhBKDSNGtdZKalfrNJUdTDTPDMmzCXEXs5tMBYA==",
      "license": "Apache-2.0",
      "bin": {
        "codex": "bin/codex.js"
      },
      "engines": {
        "node": ">=16"
      },
      "optionalDependencies": {
        "@openai/codex-darwin-arm64": "npm:@openai/codex@0.149.1-darwin-arm64",
        "@openai/codex-darwin-x64": "npm:@openai/codex@0.149.1-darwin-x64",
        "@openai/codex-linux-arm64": "npm:@openai/codex@0.149.1-linux-arm64",
        "@openai/codex-linux-x64": "npm:@openai/codex@0.149.1-linux-x64",
        "@openai/codex-win32-arm64": "npm:@openai/codex@0.149.1-win32-arm64",
        "@openai/codex-win32-x64": "npm:@openai/codex@0.149.1-win32-x64"
      }
    },
    "node_modules/@openai/codex-darwin-arm64": {
      "name": "@openai/codex",
      "version": "0.149.1-darwin-arm64",
      "resolved": "https://registry.npmjs.org/@openai/codex/-/codex-0.149.1-darwin-arm64.tgz",
      "integrity": "sha512-6X84kTCbnTgPIJ2EdcPsrvwS0Wxsqpa+bCswGmRf4BjhcQ5nPMnBC6yCAaCMj+vrbXQHj+L6sa9FaR4QkmA1qw==",
      "cpu": [
        "arm64"
      ],
      "license": "Apache-2.0",
      "optional": true,
      "os": [
        "darwin"
      ],
      "engines": {
        "node": ">=16"
      }
    },
    "node_modules/@openai/codex-darwin-x64": {
      "name": "@openai/codex",
      "version": "0.149.1-darwin-x64",
      "resolved": "https://registry.npmjs.org/@openai/codex/-/codex-0.149.1-darwin-x64.tgz",
      "integrity": "sha512-MfLBQLfcElJL9tvj6y45qVHHMGSXCPnQOixuD3/Zq0g1BW/eFizkrGLdn48cFpc+l8cK+gt5nYG5pQYwVs6g4A==",
      "cpu": [
        "x64"
      ],
      "license": "Apache-2.0",
      "optional": true,
      "os": [
        "darwin"
      ],
      "engines": {
        "node": ">=16"
      }
    },
    "node_modules/@openai/codex-linux-arm64": {
      "name": "@openai/codex",
      "version": "0.149.1-linux-arm64",
      "resolved": "https://registry.npmjs.org/@openai/codex/-/codex-0.149.1-linux-arm64.tgz",
      "integrity": "sha512-OqxUfZ1TVvHd18zHPKK/8ZRlpk8Vy11mg5CMHaLxNWldTbwVImDKtSLWT+m8m4NM5Sz4PbjtZMrVT/RfpBW/mQ==",
      "cpu": [
        "arm64"
      ],
      "license": "Apache-2.0",
      "optional": true,
      "os": [
        "linux"
      ],
      "engines": {
        "node": ">=16"
      }
    },
    "node_modules/@openai/codex-linux-x64": {
      "name": "@openai/codex",
      "version": "0.149.1-linux-x64",
      "resolved": "https://registry.npmjs.org/@openai/codex/-/codex-0.149.1-linux-x64.tgz",
      "integrity": "sha512-Of5fGYgr7tAMsyj6vhXb4/RM/UoA3Zq8BLegUBDC09UNy1XTLGYP/2XD+UX8z3qh0NDwxYdCjFIWdDNijKZggQ==",
      "cpu": [
        "x64"
      ],
      "license": "Apache-2.0",
      "optional": true,
      "os": [
        "linux"
      ],
      "engines": {
        "node": ">=16"
      }
    },
    "node_modules/@openai/codex-win32-arm64": {
      "name": "@openai/codex",
      "version": "0.149.1-win32-arm64",
      "resolved": "https://registry.npmjs.org/@openai/codex/-/codex-0.149.1-win32-arm64.tgz",
      "integrity": "sha512-5K0DmOKGK9Bos627p8sK8ATHjovPK0sDyT6h9Cb+4v+5CW5SGw1HLgjGxoLfJ8g3cg6mtg/pRCXXo2L/j71UVA==",
      "cpu": [
        "arm64"
      ],
      "license": "Apache-2.0",
      "optional": true,
      "os": [
        "win32"
      ],
      "engines": {
        "node": ">=16"
      }
    },
    "node_modules/@openai/codex-win32-x64": {
      "name": "@openai/codex",
      "version": "0.149.1-win32-x64",
      "resolved": "https://registry.npmjs.org/@openai/codex/-/codex-0.149.1-win32-x64.tgz",
      "integrity": "sha512-G3QXGAg7nyyhqOeooAMUekBCeHd8a1QByhKcVAFyzNBaI06t6Ft7nsF+1SzFS0spuIdU4YyMi5YD26ukADBQUQ==",
      "cpu": [
        "x64"
      ],
      "license": "Apache-2.0",
      "optional": true,
      "os": [
        "win32"
      ],
      "engines": {
        "node": ">=16"
      }
    },
    "node_modules/@xai-official/grok": {
      "version": "1.0.5",
      "resolved": "https://registry.npmjs.org/@xai-official/grok/-/grok-1.0.5.tgz",
      "integrity": "sha512-kk5hez+Oz5CvWonDGkMNmL483CWRIGRF2ki8jQzpIXH56P0fhCgaX9lrr0IUoFCKh/rYAm5vfCPgQsdIIYLu8Q==",
      "cpu": [
        "arm64",
        "x64"
      ],
      "hasInstallScript": true,
      "license": "Apache-2.0",
      "os": [
        "darwin",
        "linux",
        "win32"
      ],
      "dependencies": {
        "@iarna/toml": "^3.0.0"
      },
      "bin": {
        "grok": "bin/grok"
      },
      "engines": {
        "node": ">=20"
      },
      "optionalDependencies": {
        "@xai-official/grok-darwin-arm64": "1.0.5",
        "@xai-official/grok-darwin-x64": "1.0.5",
        "@xai-official/grok-linux-arm64": "1.0.5",
        "@xai-official/grok-linux-x64": "1.0.5",
        "@xai-official/grok-win32-arm64": "1.0.5",
        "@xai-official/grok-win32-x64": "1.0.5"
      }
    },
    "node_modules/@xai-official/grok-darwin-arm64": {
      "version": "1.0.5",
      "resolved": "https://registry.npmjs.org/@xai-official/grok-darwin-arm64/-/grok-darwin-arm64-1.0.5.tgz",
      "integrity": "sha512-akEtE93V7nOHEMfj16kkl3Nxl/AjcNaRkZCnY5HoIayy3VR6qQ6VTsQdUka4ZgT1bGJCZff4UIcTVpFGDaMAQQ==",
      "cpu": [
        "arm64"
      ],
      "license": "Apache-2.0",
      "optional": true,
      "os": [
        "darwin"
      ]
    },
    "node_modules/@xai-official/grok-darwin-x64": {
      "version": "1.0.5",
      "resolved": "https://registry.npmjs.org/@xai-official/grok-darwin-x64/-/grok-darwin-x64-1.0.5.tgz",
      "integrity": "sha512-kIr1YUidX+Zl8Ti7qFBCmQyVzR/D779Q0/pNvCBo7enLObFaGiM7JUAuQ7Y23aaIC/m1rwPv7xzoQ3DGHOO1yA==",
      "cpu": [
        "x64"
      ],
      "license": "Apache-2.0",
      "optional": true,
      "os": [
        "darwin"
      ]
    },
    "node_modules/@xai-official/grok-linux-arm64": {
      "version": "1.0.5",
      "resolved": "https://registry.npmjs.org/@xai-official/grok-linux-arm64/-/grok-linux-arm64-1.0.5.tgz",
      "integrity": "sha512-yPdBddzfqBNfmyKGEuy0Vy+8zr/0I9xTqX9aYzaaz5QUS3+3Xe3bIJ2EYbAZV6o/16WUC2ZbkLNUx3X3IkBSRA==",
      "cpu": [
        "arm64"
      ],
      "license": "Apache-2.0",
      "optional": true,
      "os": [
        "linux"
      ]
    },
    "node_modules/@xai-official/grok-linux-x64": {
      "version": "1.0.5",
      "resolved": "https://registry.npmjs.org/@xai-official/grok-linux-x64/-/grok-linux-x64-1.0.5.tgz",
      "integrity": "sha512-JJ6ajCCdBeLc14jvcGKQmeOvoJdEvWMe2Bj82McNikup1d6QaX/E7MI7nmMmoHfQthqRfUSnFk/ExFRu4fodTw==",
      "cpu": [
        "x64"
      ],
      "license": "Apache-2.0",
      "optional": true,
      "os": [
        "linux"
      ]
    },
    "node_modules/@xai-official/grok-win32-arm64": {
      "version": "1.0.5",
      "resolved": "https://registry.npmjs.org/@xai-official/grok-win32-arm64/-/grok-win32-arm64-1.0.5.tgz",
      "integrity": "sha512-B4cIPElA8KWpOX2fvIxFeb8U5Ifwal56ZNKtvqPgatflLMf9Quo+3KnBUXH7X8/Ohwe81ff8G+mcU6Ja6Z5RKQ==",
      "cpu": [
        "arm64"
      ],
      "license": "Apache-2.0",
      "optional": true,
      "os": [
        "win32"
      ]
    },
    "node_modules/@xai-official/grok-win32-x64": {
      "version": "1.0.5",
      "resolved": "https://registry.npmjs.org/@xai-official/grok-win32-x64/-/grok-win32-x64-1.0.5.tgz",
      "integrity": "sha512-EqPxlKg5FMFymmnF+w58VQ8V+ZrghIp7Qsuc2VCurIY82H+6qvnAMgJXGCpo2qH6JSWfh0HPiHkmTk32kHstjw==",
      "cpu": [
        "x64"
      ],
      "license": "Apache-2.0",
      "optional": true,
      "os": [
        "win32"
      ]
    }
  }
}
